
Microsoft Visual Studio Solution File, Format Version 12.00
# Visual Studio 15
VisualStudioVersion = 15.0.28307.421
MinimumVisualStudioVersion = 10.0.40219.1
Project("{2150E333-8FDC-42A3-9474-1A3956D46DE8}") = "Libs", "Libs", "{1E5486CB-5062-4FA5-87C8-49FC09423BA4}"
EndProject
Project("{2150E333-8FDC-42A3-9474-1A3956D46DE8}") = "Business", "Business", "{2A8AD86D-D72B-45FD-BA76-047A03AC7D90}"
EndProject
Project("{2150E333-8FDC-42A3-9474-1A3956D46DE8}") = "Organization", "Organization", "{714E6CC2-B045-4101-9DC1-F313E69ACED6}"
EndProject
Project("{2150E333-8FDC-42A3-9474-1A3956D46DE8}") = "API", "API", "{E71CF831-4ED0-40BC-BCD7-FFD005B80A0C}"
EndProject
Project("{2150E333-8FDC-42A3-9474-1A3956D46DE8}") = "ApplicationService", "ApplicationService", "{B391C747-36ED-4B73-8153-B4BDA0A3A6D1}"
EndProject
Project("{2150E333-8FDC-42A3-9474-1A3956D46DE8}") = "Domain", "Domain", "{958BCFDC-CA54-48CC-A9B8-36A93E713F29}"
EndProject
Project("{2150E333-8FDC-42A3-9474-1A3956D46DE8}") = "DomainService", "DomainService", "{58073021-FFDA-4A98-A390-68A63AA6F935}"
EndProject
Project("{2150E333-8FDC-42A3-9474-1A3956D46DE8}") = "Supply", "Supply", "{0C924498-CD4B-43AC-865C-F020E166B3E3}"
EndProject
Project("{2150E333-8FDC-42A3-9474-1A3956D46DE8}") = "Domain", "Domain", "{E055D987-033D-432B-94DB-8DF04149A8E2}"
EndProject
Project("{2150E333-8FDC-42A3-9474-1A3956D46DE8}") = "Shared", "Shared", "{02B40B5C-2A94-4CBC-9167-C1389E8CC292}"
EndProject
Project("{2150E333-8FDC-42A3-9474-1A3956D46DE8}") = "Domain", "Domain", "{3C31BFC2-AD49-4EDD-AE3A-19DDBF853379}"
EndProject
Project("{9A19103F-16F7-4668-BE54-9A1E7A4F7556}") = "DemoShop.Organization.API", "Business\Organization\API\DemoShop.Organization.API.csproj", "{0158B518-EDB2-410D-9876-31A72D7C707D}"
EndProject
Project("{9A19103F-16F7-4668-BE54-9A1E7A4F7556}") = "DemoShop.Organization.Domen", "Business\Organization\Domain\DemoShop.Organization.Domen.csproj", "{931FB36D-A28B-4382-BE1B-CF70B958547E}"
EndProject
Project("{9A19103F-16F7-4668-BE54-9A1E7A4F7556}") = "DemoShop.Shared.Domain", "Business\Shared\Domain\DemoShop.Shared.Domain.csproj", "{F32E67AC-F103-48A3-9272-644033A53E63}"
EndProject
Project("{2150E333-8FDC-42A3-9474-1A3956D46DE8}") = "Bootstrapper", "Bootstrapper", "{99FB2567-47CC-43BF-8530-90D2A28C388D}"
EndProject
Project("{9A19103F-16F7-4668-BE54-9A1E7A4F7556}") = "DemoShop.Organization.Bootstrapper", "Business\Organization\Bootstrapper\DemoShop.Organization.Bootstrapper.csproj", "{05946CCB-8DC6-4197-BC4E-41D4CCB7B030}"
EndProject
Project("{2150E333-8FDC-42A3-9474-1A3956D46DE8}") = "Security", "Security", "{AA432EFC-4E8C-4836-B77B-6E2FEF17CD56}"
EndProject
Project("{2150E333-8FDC-42A3-9474-1A3956D46DE8}") = "API", "API", "{3237EAB8-0417-4907-897B-F15198203F68}"
EndProject
Project("{2150E333-8FDC-42A3-9474-1A3956D46DE8}") = "Domain", "Domain", "{DC007103-53AB-4AC8-872E-BB0E2DC98AE8}"
EndProject
Project("{9A19103F-16F7-4668-BE54-9A1E7A4F7556}") = "DemoShop.Security.API", "Business\Security\API\DemoShop.Security.API.csproj", "{D2BA3EFA-F10A-4146-92F9-4D84CDBE92D9}"
EndProject
Project("{9A19103F-16F7-4668-BE54-9A1E7A4F7556}") = "DemoShop.Security.Domain", "Business\Security\Domain\DemoShop.Security.Domain.csproj", "{11DA1DDB-AA23-49E6-BB66-9A138D8B9DC3}"
EndProject
Global
	GlobalSection(SolutionConfigurationPlatforms) = preSolution
		Debug|Any CPU = Debug|Any CPU
		Release|Any CPU = Release|Any CPU
	EndGlobalSection
	GlobalSection(ProjectConfigurationPlatforms) = postSolution
		{0158B518-EDB2-410D-9876-31A72D7C707D}.Debug|Any CPU.ActiveCfg = Debug|Any CPU
		{0158B518-EDB2-410D-9876-31A72D7C707D}.Debug|Any CPU.Build.0 = Debug|Any CPU
		{0158B518-EDB2-410D-9876-31A72D7C707D}.Release|Any CPU.ActiveCfg = Release|Any CPU
		{0158B518-EDB2-410D-9876-31A72D7C707D}.Release|Any CPU.Build.0 = Release|Any CPU
		{931FB36D-A28B-4382-BE1B-CF70B958547E}.Debug|Any CPU.ActiveCfg = Debug|Any CPU
		{931FB36D-A28B-4382-BE1B-CF70B958547E}.Debug|Any CPU.Build.0 = Debug|Any CPU
		{931FB36D-A28B-4382-BE1B-CF70B958547E}.Release|Any CPU.ActiveCfg = Release|Any CPU
		{931FB36D-A28B-4382-BE1B-CF70B958547E}.Release|Any CPU.Build.0 = Release|Any CPU
		{F32E67AC-F103-48A3-9272-644033A53E63}.Debug|Any CPU.ActiveCfg = Debug|Any CPU
		{F32E67AC-F103-48A3-9272-644033A53E63}.Debug|Any CPU.Build.0 = Debug|Any CPU
		{F32E67AC-F103-48A3-9272-644033A53E63}.Release|Any CPU.ActiveCfg = Release|Any CPU
		{F32E67AC-F103-48A3-9272-644033A53E63}.Release|Any CPU.Build.0 = Release|Any CPU
		{05946CCB-8DC6-4197-BC4E-41D4CCB7B030}.Debug|Any CPU.ActiveCfg = Debug|Any CPU
		{05946CCB-8DC6-4197-BC4E-41D4CCB7B030}.Debug|Any CPU.Build.0 = Debug|Any CPU
		{05946CCB-8DC6-4197-BC4E-41D4CCB7B030}.Release|Any CPU.ActiveCfg = Release|Any CPU
		{05946CCB-8DC6-4197-BC4E-41D4CCB7B030}.Release|Any CPU.Build.0 = Release|Any CPU
		{D2BA3EFA-F10A-4146-92F9-4D84CDBE92D9}.Debug|Any CPU.ActiveCfg = Debug|Any CPU
		{D2BA3EFA-F10A-4146-92F9-4D84CDBE92D9}.Debug|Any CPU.Build.0 = Debug|Any CPU
		{D2BA3EFA-F10A-4146-92F9-4D84CDBE92D9}.Release|Any CPU.ActiveCfg = Release|Any CPU
		{D2BA3EFA-F10A-4146-92F9-4D84CDBE92D9}.Release|Any CPU.Build.0 = Release|Any CPU
		{11DA1DDB-AA23-49E6-BB66-9A138D8B9DC3}.Debug|Any CPU.ActiveCfg = Debug|Any CPU
		{11DA1DDB-AA23-49E6-BB66-9A138D8B9DC3}.Debug|Any CPU.Build.0 = Debug|Any CPU
		{11DA1DDB-AA23-49E6-BB66-9A138D8B9DC3}.Release|Any CPU.ActiveCfg = Release|Any CPU
		{11DA1DDB-AA23-49E6-BB66-9A138D8B9DC3}.Release|Any CPU.Build.0 = Release|Any CPU
	EndGlobalSection
	GlobalSection(SolutionProperties) = preSolution
		HideSolutionNode = FALSE
	EndGlobalSection
	GlobalSection(NestedProjects) = preSolution
		{714E6CC2-B045-4101-9DC1-F313E69ACED6} = {2A8AD86D-D72B-45FD-BA76-047A03AC7D90}
		{E71CF831-4ED0-40BC-BCD7-FFD005B80A0C} = {714E6CC2-B045-4101-9DC1-F313E69ACED6}
		{B391C747-36ED-4B73-8153-B4BDA0A3A6D1} = {714E6CC2-B045-4101-9DC1-F313E69ACED6}
		{958BCFDC-CA54-48CC-A9B8-36A93E713F29} = {714E6CC2-B045-4101-9DC1-F313E69ACED6}
		{58073021-FFDA-4A98-A390-68A63AA6F935} = {714E6CC2-B045-4101-9DC1-F313E69ACED6}
		{0C924498-CD4B-43AC-865C-F020E166B3E3} = {2A8AD86D-D72B-45FD-BA76-047A03AC7D90}
		{E055D987-033D-432B-94DB-8DF04149A8E2} = {0C924498-CD4B-43AC-865C-F020E166B3E3}
		{02B40B5C-2A94-4CBC-9167-C1389E8CC292} = {2A8AD86D-D72B-45FD-BA76-047A03AC7D90}
		{3C31BFC2-AD49-4EDD-AE3A-19DDBF853379} = {02B40B5C-2A94-4CBC-9167-C1389E8CC292}
		{0158B518-EDB2-410D-9876-31A72D7C707D} = {E71CF831-4ED0-40BC-BCD7-FFD005B80A0C}
		{931FB36D-A28B-4382-BE1B-CF70B958547E} = {958BCFDC-CA54-48CC-A9B8-36A93E713F29}
		{F32E67AC-F103-48A3-9272-644033A53E63} = {3C31BFC2-AD49-4EDD-AE3A-19DDBF853379}
		{99FB2567-47CC-43BF-8530-90D2A28C388D} = {714E6CC2-B045-4101-9DC1-F313E69ACED6}
		{05946CCB-8DC6-4197-BC4E-41D4CCB7B030} = {99FB2567-47CC-43BF-8530-90D2A28C388D}
		{AA432EFC-4E8C-4836-B77B-6E2FEF17CD56} = {2A8AD86D-D72B-45FD-BA76-047A03AC7D90}
		{3237EAB8-0417-4907-897B-F15198203F68} = {AA432EFC-4E8C-4836-B77B-6E2FEF17CD56}
		{DC007103-53AB-4AC8-872E-BB0E2DC98AE8} = {AA432EFC-4E8C-4836-B77B-6E2FEF17CD56}
		{D2BA3EFA-F10A-4146-92F9-4D84CDBE92D9} = {3237EAB8-0417-4907-897B-F15198203F68}
		{11DA1DDB-AA23-49E6-BB66-9A138D8B9DC3} = {DC007103-53AB-4AC8-872E-BB0E2DC98AE8}
	EndGlobalSection
	GlobalSection(ExtensibilityGlobals) = postSolution
		SolutionGuid = {63A0AF3E-CB53-4524-9C26-44FC475D9348}
	EndGlobalSection
EndGlobal
