
Microsoft Visual Studio Solution File, Format Version 12.00
# Visual Studio 15
VisualStudioVersion = 15.0.28307.421
MinimumVisualStudioVersion = 10.0.40219.1
Project("{2150E333-8FDC-42A3-9474-1A3956D46DE8}") = "Libs", "Libs", "{1E5486CB-5062-4FA5-87C8-49FC09423BA4}"
EndProject
Project("{2150E333-8FDC-42A3-9474-1A3956D46DE8}") = "Business", "Business", "{2A8AD86D-D72B-45FD-BA76-047A03AC7D90}"
EndProject
Project("{2150E333-8FDC-42A3-9474-1A3956D46DE8}") = "Organization", "Organization", "{714E6CC2-B045-4101-9DC1-F313E69ACED6}"
EndProject
Project("{2150E333-8FDC-42A3-9474-1A3956D46DE8}") = "API", "API", "{E71CF831-4ED0-40BC-BCD7-FFD005B80A0C}"
EndProject
Project("{2150E333-8FDC-42A3-9474-1A3956D46DE8}") = "ApplicationService", "ApplicationService", "{B391C747-36ED-4B73-8153-B4BDA0A3A6D1}"
EndProject
Project("{2150E333-8FDC-42A3-9474-1A3956D46DE8}") = "Domain", "Domain", "{958BCFDC-CA54-48CC-A9B8-36A93E713F29}"
EndProject
Project("{2150E333-8FDC-42A3-9474-1A3956D46DE8}") = "DomainService", "DomainService", "{58073021-FFDA-4A98-A390-68A63AA6F935}"
EndProject
Project("{2150E333-8FDC-42A3-9474-1A3956D46DE8}") = "Shared", "Shared", "{02B40B5C-2A94-4CBC-9167-C1389E8CC292}"
EndProject
Project("{2150E333-8FDC-42A3-9474-1A3956D46DE8}") = "Domain", "Domain", "{3C31BFC2-AD49-4EDD-AE3A-19DDBF853379}"
EndProject
Project("{9A19103F-16F7-4668-BE54-9A1E7A4F7556}") = "DemoShop.Organization.API", "Business\Organization\API\DemoShop.Organization.API.csproj", "{0158B518-EDB2-410D-9876-31A72D7C707D}"
EndProject
Project("{9A19103F-16F7-4668-BE54-9A1E7A4F7556}") = "DemoShop.Shared.Domain", "Business\Shared\Domain\DemoShop.Shared.Domain.csproj", "{F32E67AC-F103-48A3-9272-644033A53E63}"
EndProject
Project("{2150E333-8FDC-42A3-9474-1A3956D46DE8}") = "Bootstrapper", "Bootstrapper", "{99FB2567-47CC-43BF-8530-90D2A28C388D}"
EndProject
Project("{9A19103F-16F7-4668-BE54-9A1E7A4F7556}") = "DemoShop.Organization.Bootstrapper", "Business\Organization\Bootstrapper\DemoShop.Organization.Bootstrapper.csproj", "{05946CCB-8DC6-4197-BC4E-41D4CCB7B030}"
EndProject
Project("{2150E333-8FDC-42A3-9474-1A3956D46DE8}") = "Security", "Security", "{AA432EFC-4E8C-4836-B77B-6E2FEF17CD56}"
EndProject
Project("{2150E333-8FDC-42A3-9474-1A3956D46DE8}") = "API", "API", "{3237EAB8-0417-4907-897B-F15198203F68}"
EndProject
Project("{2150E333-8FDC-42A3-9474-1A3956D46DE8}") = "Domain", "Domain", "{DC007103-53AB-4AC8-872E-BB0E2DC98AE8}"
EndProject
Project("{9A19103F-16F7-4668-BE54-9A1E7A4F7556}") = "DemoShop.Security.API", "Business\Security\API\DemoShop.Security.API.csproj", "{D2BA3EFA-F10A-4146-92F9-4D84CDBE92D9}"
EndProject
Project("{9A19103F-16F7-4668-BE54-9A1E7A4F7556}") = "DemoShop.Security.Domain", "Business\Security\Domain\DemoShop.Security.Domain.csproj", "{11DA1DDB-AA23-49E6-BB66-9A138D8B9DC3}"
EndProject
Project("{9A19103F-16F7-4668-BE54-9A1E7A4F7556}") = "DemoShop.Organization.DomainService", "Business\Organization\DomainService\DemoShop.Organization.DomainService.csproj", "{90F1F00A-486C-4E56-A62C-50E1BD662C1A}"
EndProject
Project("{9A19103F-16F7-4668-BE54-9A1E7A4F7556}") = "DemoShop.Organization.Domain", "Business\Organization\Domain\DemoShop.Organization.Domain.csproj", "{4925172B-1635-4483-8E7D-6FF52095C19E}"
EndProject
Project("{2150E333-8FDC-42A3-9474-1A3956D46DE8}") = "WebService", "WebService", "{CC6EE07E-59A7-4AF4-8C0E-96ED9F0459AE}"
EndProject
Project("{9A19103F-16F7-4668-BE54-9A1E7A4F7556}") = "WebService", "WebService\WebService.csproj", "{A08B8DE0-7853-47C4-9E56-9395E89486D0}"
EndProject
Project("{2150E333-8FDC-42A3-9474-1A3956D46DE8}") = "WebApi", "WebApi", "{FA5D2391-3788-497A-8928-5CFFB2F86CE5}"
EndProject
Project("{9A19103F-16F7-4668-BE54-9A1E7A4F7556}") = "DemoShop.Organization.WebApi", "Business\Organization\WebApi\DemoShop.Organization.WebApi.csproj", "{59BAA6D0-E63C-4682-8877-FE6A4A4AE4F9}"
EndProject
Project("{9A19103F-16F7-4668-BE54-9A1E7A4F7556}") = "DemoShop.Organization.ApplicationService", "Business\Organization\ApplicationService\DemoShop.Organization.ApplicationService.csproj", "{DD46B761-5B56-48A5-A4CB-6C97362CA8DE}"
EndProject
Project("{9A19103F-16F7-4668-BE54-9A1E7A4F7556}") = "DemoShop.Libs", "Libs\DemoShop.Libs.csproj", "{A37FC84A-CDC7-4949-9756-2DAB1A0AC154}"
EndProject
Project("{2150E333-8FDC-42A3-9474-1A3956D46DE8}") = "IdentityServer", "IdentityServer", "{F5325A5D-79F0-4142-A399-9EB736F25610}"
EndProject
Project("{9A19103F-16F7-4668-BE54-9A1E7A4F7556}") = "IdentityServer", "IdentityServer\IdentityServer.csproj", "{A8F72038-CA86-46C7-9A0D-35AFE73D2E0B}"
EndProject
Project("{2150E333-8FDC-42A3-9474-1A3956D46DE8}") = "DomainService", "DomainService", "{12A4DE20-7A0F-41C7-80BB-3B479C3D00D6}"
EndProject
Project("{2150E333-8FDC-42A3-9474-1A3956D46DE8}") = "Infrastructure", "Infrastructure", "{D4339D18-5537-41FA-AA0A-D4A1314C7050}"
EndProject
Project("{2150E333-8FDC-42A3-9474-1A3956D46DE8}") = "WebApi", "WebApi", "{FC46CDFA-14CC-42F8-8A66-8C1BCE53603F}"
EndProject
Project("{2150E333-8FDC-42A3-9474-1A3956D46DE8}") = "ApplicationService", "ApplicationService", "{1217F2EE-8134-41D9-9221-51C0E64FEE23}"
EndProject
Project("{9A19103F-16F7-4668-BE54-9A1E7A4F7556}") = "DemoShop.Security.ApplicationService", "Business\Security\ApplicationService\DemoShop.Security.ApplicationService.csproj", "{44ADD253-9F09-4DB9-86D5-3A41B1C3BFC8}"
EndProject
Project("{9A19103F-16F7-4668-BE54-9A1E7A4F7556}") = "DemoShop.Security.DomainService", "Business\Security\DomainService\DemoShop.Security.DomainService.csproj", "{5D14A440-EF41-4C36-AB4E-49AC788BCE7A}"
EndProject
Project("{9A19103F-16F7-4668-BE54-9A1E7A4F7556}") = "DemoShop.Security.Infrastructure", "Business\Security\Infrastructure\DemoShop.Security.Infrastructure.csproj", "{9E7A0C00-5484-4CE5-95B7-A4B21EC692BF}"
EndProject
Project("{9A19103F-16F7-4668-BE54-9A1E7A4F7556}") = "DemoShop.Security.WebApi", "Business\Security\WebApi\DemoShop.Security.WebApi.csproj", "{C6FC533B-37B0-417E-AD83-6F555E296851}"
EndProject
Project("{2150E333-8FDC-42A3-9474-1A3956D46DE8}") = "Bootstrapper", "Bootstrapper", "{24B3A92C-FE4F-43BF-8409-BF6D84739700}"
EndProject
Project("{9A19103F-16F7-4668-BE54-9A1E7A4F7556}") = "DemoShop.Security.Bootstrapper", "Business\Security\Bootstrapper\DemoShop.Security.Bootstrapper.csproj", "{3270108E-DC89-4C08-B750-2C43CCA383BC}"
EndProject
Project("{2150E333-8FDC-42A3-9474-1A3956D46DE8}") = "IntegrationTest", "IntegrationTest", "{7E4ABE6B-8694-4AB2-BAB1-C418EBC799F1}"
EndProject
Project("{9A19103F-16F7-4668-BE54-9A1E7A4F7556}") = "DemoShop.IntegrationTest", "IntegrationTest\DemoShop.IntegrationTest.csproj", "{F7B7FEE9-1B28-406A-A827-23822B61F275}"
EndProject
Project("{2150E333-8FDC-42A3-9474-1A3956D46DE8}") = "Sale", "Sale", "{38E68203-5068-48CD-92A1-DD0A81C9E495}"
EndProject
Project("{2150E333-8FDC-42A3-9474-1A3956D46DE8}") = "API", "API", "{96AAC684-D004-42CE-A97A-C049E9B32931}"
EndProject
Project("{9A19103F-16F7-4668-BE54-9A1E7A4F7556}") = "DemoShop.Sale.API", "Business\Sale\API\DemoShop.Sale.API.csproj", "{2835CA53-5906-4D29-A546-C3805529F5DF}"
EndProject
Project("{2150E333-8FDC-42A3-9474-1A3956D46DE8}") = "ApplicationService", "ApplicationService", "{2D04AED9-3732-45EC-858E-E09FD11F613B}"
EndProject
Project("{9A19103F-16F7-4668-BE54-9A1E7A4F7556}") = "DemoShop.Sale.ApplicationService", "Business\Sale\ApplicationService\DemoShop.Sale.ApplicationService.csproj", "{73889EFC-093E-45F4-ABA7-9C0858A9C929}"
EndProject
Project("{2150E333-8FDC-42A3-9474-1A3956D46DE8}") = "Bootstrapper", "Bootstrapper", "{5CE2F031-E9FE-4CE4-8E51-D5108EA7BEC1}"
EndProject
Project("{9A19103F-16F7-4668-BE54-9A1E7A4F7556}") = "DemoShop.Sale.Bootstrapper", "Business\Sale\Bootstrapper\DemoShop.Sale.Bootstrapper.csproj", "{AEA67FA5-ED48-48A9-80B5-B121683277BF}"
EndProject
Project("{2150E333-8FDC-42A3-9474-1A3956D46DE8}") = "Domain", "Domain", "{479CCDE0-E8E0-4AE8-AF7E-EB858E3AFA7B}"
EndProject
Project("{9A19103F-16F7-4668-BE54-9A1E7A4F7556}") = "DemoShop.Sale.Domain", "Business\Sale\Domain\DemoShop.Sale.Domain.csproj", "{020908D3-F4B1-423B-BDEC-656BF239CA15}"
EndProject
Project("{2150E333-8FDC-42A3-9474-1A3956D46DE8}") = "DomainService", "DomainService", "{02225B65-3AD5-421B-8F72-674F1CCDFC70}"
EndProject
Project("{9A19103F-16F7-4668-BE54-9A1E7A4F7556}") = "DemoShop.Sale.DomainService", "Business\Sale\DomainService\DemoShop.Sale.DomainService.csproj", "{F7F3BDEA-974E-48F8-AFAF-58922D3FB6CA}"
EndProject
Project("{2150E333-8FDC-42A3-9474-1A3956D46DE8}") = "Infrastructure", "Infrastructure", "{AF9EF065-0190-4E0F-BB45-8A461BF1BE0E}"
EndProject
Project("{9A19103F-16F7-4668-BE54-9A1E7A4F7556}") = "DemoShop.Sale.Infrastructure", "Business\Sale\Infrastructure\DemoShop.Sale.Infrastructure.csproj", "{72195F77-8F8B-4894-8DE0-D0DC3467353F}"
EndProject
Project("{2150E333-8FDC-42A3-9474-1A3956D46DE8}") = "WebApi", "WebApi", "{CC74C6F2-3702-4776-A2E8-E624BDAB3215}"
EndProject
Project("{9A19103F-16F7-4668-BE54-9A1E7A4F7556}") = "DemoShop.Sale.WebApi", "Business\Sale\WebApi\DemoShop.Sale.WebApi.csproj", "{265AF0FF-CD6C-488B-85CE-90CF58C88ABE}"
EndProject
Global
	GlobalSection(SolutionConfigurationPlatforms) = preSolution
		Debug|Any CPU = Debug|Any CPU
		Release|Any CPU = Release|Any CPU
	EndGlobalSection
	GlobalSection(ProjectConfigurationPlatforms) = postSolution
		{0158B518-EDB2-410D-9876-31A72D7C707D}.Debug|Any CPU.ActiveCfg = Debug|Any CPU
		{0158B518-EDB2-410D-9876-31A72D7C707D}.Debug|Any CPU.Build.0 = Debug|Any CPU
		{0158B518-EDB2-410D-9876-31A72D7C707D}.Release|Any CPU.ActiveCfg = Release|Any CPU
		{0158B518-EDB2-410D-9876-31A72D7C707D}.Release|Any CPU.Build.0 = Release|Any CPU
		{F32E67AC-F103-48A3-9272-644033A53E63}.Debug|Any CPU.ActiveCfg = Debug|Any CPU
		{F32E67AC-F103-48A3-9272-644033A53E63}.Debug|Any CPU.Build.0 = Debug|Any CPU
		{F32E67AC-F103-48A3-9272-644033A53E63}.Release|Any CPU.ActiveCfg = Release|Any CPU
		{F32E67AC-F103-48A3-9272-644033A53E63}.Release|Any CPU.Build.0 = Release|Any CPU
		{05946CCB-8DC6-4197-BC4E-41D4CCB7B030}.Debug|Any CPU.ActiveCfg = Debug|Any CPU
		{05946CCB-8DC6-4197-BC4E-41D4CCB7B030}.Debug|Any CPU.Build.0 = Debug|Any CPU
		{05946CCB-8DC6-4197-BC4E-41D4CCB7B030}.Release|Any CPU.ActiveCfg = Release|Any CPU
		{05946CCB-8DC6-4197-BC4E-41D4CCB7B030}.Release|Any CPU.Build.0 = Release|Any CPU
		{D2BA3EFA-F10A-4146-92F9-4D84CDBE92D9}.Debug|Any CPU.ActiveCfg = Debug|Any CPU
		{D2BA3EFA-F10A-4146-92F9-4D84CDBE92D9}.Debug|Any CPU.Build.0 = Debug|Any CPU
		{D2BA3EFA-F10A-4146-92F9-4D84CDBE92D9}.Release|Any CPU.ActiveCfg = Release|Any CPU
		{D2BA3EFA-F10A-4146-92F9-4D84CDBE92D9}.Release|Any CPU.Build.0 = Release|Any CPU
		{11DA1DDB-AA23-49E6-BB66-9A138D8B9DC3}.Debug|Any CPU.ActiveCfg = Debug|Any CPU
		{11DA1DDB-AA23-49E6-BB66-9A138D8B9DC3}.Debug|Any CPU.Build.0 = Debug|Any CPU
		{11DA1DDB-AA23-49E6-BB66-9A138D8B9DC3}.Release|Any CPU.ActiveCfg = Release|Any CPU
		{11DA1DDB-AA23-49E6-BB66-9A138D8B9DC3}.Release|Any CPU.Build.0 = Release|Any CPU
		{90F1F00A-486C-4E56-A62C-50E1BD662C1A}.Debug|Any CPU.ActiveCfg = Debug|Any CPU
		{90F1F00A-486C-4E56-A62C-50E1BD662C1A}.Debug|Any CPU.Build.0 = Debug|Any CPU
		{90F1F00A-486C-4E56-A62C-50E1BD662C1A}.Release|Any CPU.ActiveCfg = Release|Any CPU
		{90F1F00A-486C-4E56-A62C-50E1BD662C1A}.Release|Any CPU.Build.0 = Release|Any CPU
		{4925172B-1635-4483-8E7D-6FF52095C19E}.Debug|Any CPU.ActiveCfg = Debug|Any CPU
		{4925172B-1635-4483-8E7D-6FF52095C19E}.Debug|Any CPU.Build.0 = Debug|Any CPU
		{4925172B-1635-4483-8E7D-6FF52095C19E}.Release|Any CPU.ActiveCfg = Release|Any CPU
		{4925172B-1635-4483-8E7D-6FF52095C19E}.Release|Any CPU.Build.0 = Release|Any CPU
		{A08B8DE0-7853-47C4-9E56-9395E89486D0}.Debug|Any CPU.ActiveCfg = Debug|Any CPU
		{A08B8DE0-7853-47C4-9E56-9395E89486D0}.Debug|Any CPU.Build.0 = Debug|Any CPU
		{A08B8DE0-7853-47C4-9E56-9395E89486D0}.Release|Any CPU.ActiveCfg = Release|Any CPU
		{A08B8DE0-7853-47C4-9E56-9395E89486D0}.Release|Any CPU.Build.0 = Release|Any CPU
		{59BAA6D0-E63C-4682-8877-FE6A4A4AE4F9}.Debug|Any CPU.ActiveCfg = Debug|Any CPU
		{59BAA6D0-E63C-4682-8877-FE6A4A4AE4F9}.Debug|Any CPU.Build.0 = Debug|Any CPU
		{59BAA6D0-E63C-4682-8877-FE6A4A4AE4F9}.Release|Any CPU.ActiveCfg = Release|Any CPU
		{59BAA6D0-E63C-4682-8877-FE6A4A4AE4F9}.Release|Any CPU.Build.0 = Release|Any CPU
		{DD46B761-5B56-48A5-A4CB-6C97362CA8DE}.Debug|Any CPU.ActiveCfg = Debug|Any CPU
		{DD46B761-5B56-48A5-A4CB-6C97362CA8DE}.Debug|Any CPU.Build.0 = Debug|Any CPU
		{DD46B761-5B56-48A5-A4CB-6C97362CA8DE}.Release|Any CPU.ActiveCfg = Release|Any CPU
		{DD46B761-5B56-48A5-A4CB-6C97362CA8DE}.Release|Any CPU.Build.0 = Release|Any CPU
		{A37FC84A-CDC7-4949-9756-2DAB1A0AC154}.Debug|Any CPU.ActiveCfg = Debug|Any CPU
		{A37FC84A-CDC7-4949-9756-2DAB1A0AC154}.Debug|Any CPU.Build.0 = Debug|Any CPU
		{A37FC84A-CDC7-4949-9756-2DAB1A0AC154}.Release|Any CPU.ActiveCfg = Release|Any CPU
		{A37FC84A-CDC7-4949-9756-2DAB1A0AC154}.Release|Any CPU.Build.0 = Release|Any CPU
		{A8F72038-CA86-46C7-9A0D-35AFE73D2E0B}.Debug|Any CPU.ActiveCfg = Debug|Any CPU
		{A8F72038-CA86-46C7-9A0D-35AFE73D2E0B}.Debug|Any CPU.Build.0 = Debug|Any CPU
		{A8F72038-CA86-46C7-9A0D-35AFE73D2E0B}.Release|Any CPU.ActiveCfg = Release|Any CPU
		{A8F72038-CA86-46C7-9A0D-35AFE73D2E0B}.Release|Any CPU.Build.0 = Release|Any CPU
		{44ADD253-9F09-4DB9-86D5-3A41B1C3BFC8}.Debug|Any CPU.ActiveCfg = Debug|Any CPU
		{44ADD253-9F09-4DB9-86D5-3A41B1C3BFC8}.Debug|Any CPU.Build.0 = Debug|Any CPU
		{44ADD253-9F09-4DB9-86D5-3A41B1C3BFC8}.Release|Any CPU.ActiveCfg = Release|Any CPU
		{44ADD253-9F09-4DB9-86D5-3A41B1C3BFC8}.Release|Any CPU.Build.0 = Release|Any CPU
		{5D14A440-EF41-4C36-AB4E-49AC788BCE7A}.Debug|Any CPU.ActiveCfg = Debug|Any CPU
		{5D14A440-EF41-4C36-AB4E-49AC788BCE7A}.Debug|Any CPU.Build.0 = Debug|Any CPU
		{5D14A440-EF41-4C36-AB4E-49AC788BCE7A}.Release|Any CPU.ActiveCfg = Release|Any CPU
		{5D14A440-EF41-4C36-AB4E-49AC788BCE7A}.Release|Any CPU.Build.0 = Release|Any CPU
		{9E7A0C00-5484-4CE5-95B7-A4B21EC692BF}.Debug|Any CPU.ActiveCfg = Debug|Any CPU
		{9E7A0C00-5484-4CE5-95B7-A4B21EC692BF}.Debug|Any CPU.Build.0 = Debug|Any CPU
		{9E7A0C00-5484-4CE5-95B7-A4B21EC692BF}.Release|Any CPU.ActiveCfg = Release|Any CPU
		{9E7A0C00-5484-4CE5-95B7-A4B21EC692BF}.Release|Any CPU.Build.0 = Release|Any CPU
		{C6FC533B-37B0-417E-AD83-6F555E296851}.Debug|Any CPU.ActiveCfg = Debug|Any CPU
		{C6FC533B-37B0-417E-AD83-6F555E296851}.Debug|Any CPU.Build.0 = Debug|Any CPU
		{C6FC533B-37B0-417E-AD83-6F555E296851}.Release|Any CPU.ActiveCfg = Release|Any CPU
		{C6FC533B-37B0-417E-AD83-6F555E296851}.Release|Any CPU.Build.0 = Release|Any CPU
		{3270108E-DC89-4C08-B750-2C43CCA383BC}.Debug|Any CPU.ActiveCfg = Debug|Any CPU
		{3270108E-DC89-4C08-B750-2C43CCA383BC}.Debug|Any CPU.Build.0 = Debug|Any CPU
		{3270108E-DC89-4C08-B750-2C43CCA383BC}.Release|Any CPU.ActiveCfg = Release|Any CPU
		{3270108E-DC89-4C08-B750-2C43CCA383BC}.Release|Any CPU.Build.0 = Release|Any CPU
		{F7B7FEE9-1B28-406A-A827-23822B61F275}.Debug|Any CPU.ActiveCfg = Debug|Any CPU
		{F7B7FEE9-1B28-406A-A827-23822B61F275}.Debug|Any CPU.Build.0 = Debug|Any CPU
		{F7B7FEE9-1B28-406A-A827-23822B61F275}.Release|Any CPU.ActiveCfg = Release|Any CPU
		{F7B7FEE9-1B28-406A-A827-23822B61F275}.Release|Any CPU.Build.0 = Release|Any CPU
		{2835CA53-5906-4D29-A546-C3805529F5DF}.Debug|Any CPU.ActiveCfg = Debug|Any CPU
		{2835CA53-5906-4D29-A546-C3805529F5DF}.Debug|Any CPU.Build.0 = Debug|Any CPU
		{2835CA53-5906-4D29-A546-C3805529F5DF}.Release|Any CPU.ActiveCfg = Release|Any CPU
		{2835CA53-5906-4D29-A546-C3805529F5DF}.Release|Any CPU.Build.0 = Release|Any CPU
		{73889EFC-093E-45F4-ABA7-9C0858A9C929}.Debug|Any CPU.ActiveCfg = Debug|Any CPU
		{73889EFC-093E-45F4-ABA7-9C0858A9C929}.Debug|Any CPU.Build.0 = Debug|Any CPU
		{73889EFC-093E-45F4-ABA7-9C0858A9C929}.Release|Any CPU.ActiveCfg = Release|Any CPU
		{73889EFC-093E-45F4-ABA7-9C0858A9C929}.Release|Any CPU.Build.0 = Release|Any CPU
		{AEA67FA5-ED48-48A9-80B5-B121683277BF}.Debug|Any CPU.ActiveCfg = Debug|Any CPU
		{AEA67FA5-ED48-48A9-80B5-B121683277BF}.Debug|Any CPU.Build.0 = Debug|Any CPU
		{AEA67FA5-ED48-48A9-80B5-B121683277BF}.Release|Any CPU.ActiveCfg = Release|Any CPU
		{AEA67FA5-ED48-48A9-80B5-B121683277BF}.Release|Any CPU.Build.0 = Release|Any CPU
		{020908D3-F4B1-423B-BDEC-656BF239CA15}.Debug|Any CPU.ActiveCfg = Debug|Any CPU
		{020908D3-F4B1-423B-BDEC-656BF239CA15}.Debug|Any CPU.Build.0 = Debug|Any CPU
		{020908D3-F4B1-423B-BDEC-656BF239CA15}.Release|Any CPU.ActiveCfg = Release|Any CPU
		{020908D3-F4B1-423B-BDEC-656BF239CA15}.Release|Any CPU.Build.0 = Release|Any CPU
		{F7F3BDEA-974E-48F8-AFAF-58922D3FB6CA}.Debug|Any CPU.ActiveCfg = Debug|Any CPU
		{F7F3BDEA-974E-48F8-AFAF-58922D3FB6CA}.Debug|Any CPU.Build.0 = Debug|Any CPU
		{F7F3BDEA-974E-48F8-AFAF-58922D3FB6CA}.Release|Any CPU.ActiveCfg = Release|Any CPU
		{F7F3BDEA-974E-48F8-AFAF-58922D3FB6CA}.Release|Any CPU.Build.0 = Release|Any CPU
		{72195F77-8F8B-4894-8DE0-D0DC3467353F}.Debug|Any CPU.ActiveCfg = Debug|Any CPU
		{72195F77-8F8B-4894-8DE0-D0DC3467353F}.Debug|Any CPU.Build.0 = Debug|Any CPU
		{72195F77-8F8B-4894-8DE0-D0DC3467353F}.Release|Any CPU.ActiveCfg = Release|Any CPU
		{72195F77-8F8B-4894-8DE0-D0DC3467353F}.Release|Any CPU.Build.0 = Release|Any CPU
		{265AF0FF-CD6C-488B-85CE-90CF58C88ABE}.Debug|Any CPU.ActiveCfg = Debug|Any CPU
		{265AF0FF-CD6C-488B-85CE-90CF58C88ABE}.Debug|Any CPU.Build.0 = Debug|Any CPU
		{265AF0FF-CD6C-488B-85CE-90CF58C88ABE}.Release|Any CPU.ActiveCfg = Release|Any CPU
		{265AF0FF-CD6C-488B-85CE-90CF58C88ABE}.Release|Any CPU.Build.0 = Release|Any CPU
	EndGlobalSection
	GlobalSection(SolutionProperties) = preSolution
		HideSolutionNode = FALSE
	EndGlobalSection
	GlobalSection(NestedProjects) = preSolution
		{714E6CC2-B045-4101-9DC1-F313E69ACED6} = {2A8AD86D-D72B-45FD-BA76-047A03AC7D90}
		{E71CF831-4ED0-40BC-BCD7-FFD005B80A0C} = {714E6CC2-B045-4101-9DC1-F313E69ACED6}
		{B391C747-36ED-4B73-8153-B4BDA0A3A6D1} = {714E6CC2-B045-4101-9DC1-F313E69ACED6}
		{958BCFDC-CA54-48CC-A9B8-36A93E713F29} = {714E6CC2-B045-4101-9DC1-F313E69ACED6}
		{58073021-FFDA-4A98-A390-68A63AA6F935} = {714E6CC2-B045-4101-9DC1-F313E69ACED6}
		{02B40B5C-2A94-4CBC-9167-C1389E8CC292} = {2A8AD86D-D72B-45FD-BA76-047A03AC7D90}
		{3C31BFC2-AD49-4EDD-AE3A-19DDBF853379} = {02B40B5C-2A94-4CBC-9167-C1389E8CC292}
		{0158B518-EDB2-410D-9876-31A72D7C707D} = {E71CF831-4ED0-40BC-BCD7-FFD005B80A0C}
		{F32E67AC-F103-48A3-9272-644033A53E63} = {3C31BFC2-AD49-4EDD-AE3A-19DDBF853379}
		{99FB2567-47CC-43BF-8530-90D2A28C388D} = {714E6CC2-B045-4101-9DC1-F313E69ACED6}
		{05946CCB-8DC6-4197-BC4E-41D4CCB7B030} = {99FB2567-47CC-43BF-8530-90D2A28C388D}
		{AA432EFC-4E8C-4836-B77B-6E2FEF17CD56} = {2A8AD86D-D72B-45FD-BA76-047A03AC7D90}
		{3237EAB8-0417-4907-897B-F15198203F68} = {AA432EFC-4E8C-4836-B77B-6E2FEF17CD56}
		{DC007103-53AB-4AC8-872E-BB0E2DC98AE8} = {AA432EFC-4E8C-4836-B77B-6E2FEF17CD56}
		{D2BA3EFA-F10A-4146-92F9-4D84CDBE92D9} = {3237EAB8-0417-4907-897B-F15198203F68}
		{11DA1DDB-AA23-49E6-BB66-9A138D8B9DC3} = {DC007103-53AB-4AC8-872E-BB0E2DC98AE8}
		{90F1F00A-486C-4E56-A62C-50E1BD662C1A} = {58073021-FFDA-4A98-A390-68A63AA6F935}
		{4925172B-1635-4483-8E7D-6FF52095C19E} = {958BCFDC-CA54-48CC-A9B8-36A93E713F29}
		{A08B8DE0-7853-47C4-9E56-9395E89486D0} = {CC6EE07E-59A7-4AF4-8C0E-96ED9F0459AE}
		{FA5D2391-3788-497A-8928-5CFFB2F86CE5} = {714E6CC2-B045-4101-9DC1-F313E69ACED6}
		{59BAA6D0-E63C-4682-8877-FE6A4A4AE4F9} = {FA5D2391-3788-497A-8928-5CFFB2F86CE5}
		{DD46B761-5B56-48A5-A4CB-6C97362CA8DE} = {B391C747-36ED-4B73-8153-B4BDA0A3A6D1}
		{A37FC84A-CDC7-4949-9756-2DAB1A0AC154} = {1E5486CB-5062-4FA5-87C8-49FC09423BA4}
		{A8F72038-CA86-46C7-9A0D-35AFE73D2E0B} = {F5325A5D-79F0-4142-A399-9EB736F25610}
		{12A4DE20-7A0F-41C7-80BB-3B479C3D00D6} = {AA432EFC-4E8C-4836-B77B-6E2FEF17CD56}
		{D4339D18-5537-41FA-AA0A-D4A1314C7050} = {AA432EFC-4E8C-4836-B77B-6E2FEF17CD56}
		{FC46CDFA-14CC-42F8-8A66-8C1BCE53603F} = {AA432EFC-4E8C-4836-B77B-6E2FEF17CD56}
		{1217F2EE-8134-41D9-9221-51C0E64FEE23} = {AA432EFC-4E8C-4836-B77B-6E2FEF17CD56}
		{44ADD253-9F09-4DB9-86D5-3A41B1C3BFC8} = {1217F2EE-8134-41D9-9221-51C0E64FEE23}
		{5D14A440-EF41-4C36-AB4E-49AC788BCE7A} = {12A4DE20-7A0F-41C7-80BB-3B479C3D00D6}
		{9E7A0C00-5484-4CE5-95B7-A4B21EC692BF} = {D4339D18-5537-41FA-AA0A-D4A1314C7050}
		{C6FC533B-37B0-417E-AD83-6F555E296851} = {FC46CDFA-14CC-42F8-8A66-8C1BCE53603F}
		{24B3A92C-FE4F-43BF-8409-BF6D84739700} = {AA432EFC-4E8C-4836-B77B-6E2FEF17CD56}
		{3270108E-DC89-4C08-B750-2C43CCA383BC} = {24B3A92C-FE4F-43BF-8409-BF6D84739700}
		{F7B7FEE9-1B28-406A-A827-23822B61F275} = {7E4ABE6B-8694-4AB2-BAB1-C418EBC799F1}
		{38E68203-5068-48CD-92A1-DD0A81C9E495} = {2A8AD86D-D72B-45FD-BA76-047A03AC7D90}
		{96AAC684-D004-42CE-A97A-C049E9B32931} = {38E68203-5068-48CD-92A1-DD0A81C9E495}
		{2835CA53-5906-4D29-A546-C3805529F5DF} = {96AAC684-D004-42CE-A97A-C049E9B32931}
		{2D04AED9-3732-45EC-858E-E09FD11F613B} = {38E68203-5068-48CD-92A1-DD0A81C9E495}
		{73889EFC-093E-45F4-ABA7-9C0858A9C929} = {2D04AED9-3732-45EC-858E-E09FD11F613B}
		{5CE2F031-E9FE-4CE4-8E51-D5108EA7BEC1} = {38E68203-5068-48CD-92A1-DD0A81C9E495}
		{AEA67FA5-ED48-48A9-80B5-B121683277BF} = {5CE2F031-E9FE-4CE4-8E51-D5108EA7BEC1}
		{479CCDE0-E8E0-4AE8-AF7E-EB858E3AFA7B} = {38E68203-5068-48CD-92A1-DD0A81C9E495}
		{020908D3-F4B1-423B-BDEC-656BF239CA15} = {479CCDE0-E8E0-4AE8-AF7E-EB858E3AFA7B}
		{02225B65-3AD5-421B-8F72-674F1CCDFC70} = {38E68203-5068-48CD-92A1-DD0A81C9E495}
		{F7F3BDEA-974E-48F8-AFAF-58922D3FB6CA} = {02225B65-3AD5-421B-8F72-674F1CCDFC70}
		{AF9EF065-0190-4E0F-BB45-8A461BF1BE0E} = {38E68203-5068-48CD-92A1-DD0A81C9E495}
		{72195F77-8F8B-4894-8DE0-D0DC3467353F} = {AF9EF065-0190-4E0F-BB45-8A461BF1BE0E}
		{CC74C6F2-3702-4776-A2E8-E624BDAB3215} = {38E68203-5068-48CD-92A1-DD0A81C9E495}
		{265AF0FF-CD6C-488B-85CE-90CF58C88ABE} = {CC74C6F2-3702-4776-A2E8-E624BDAB3215}
	EndGlobalSection
	GlobalSection(ExtensibilityGlobals) = postSolution
		SolutionGuid = {63A0AF3E-CB53-4524-9C26-44FC475D9348}
	EndGlobalSection
EndGlobal
